
Microsoft Visual Studio Solution File, Format Version 12.00
# Visual Studio Version 17
VisualStudioVersion = 17.0.31903.59
MinimumVisualStudioVersion = 10.0.40219.1
Project("{2150E333-8FDC-42A3-9474-1A3956D46DE8}") = "src", "src", "{827E0CD3-B72D-47B6-A68D-7590B98EB39B}"
EndProject
Project("{FAE04EC0-301F-11D3-BF4B-00C04F79EFBC}") = "Host", "src\Host\Host.csproj", "{D73B2953-9C34-43E7-9520-1B325D21193E}"
EndProject
Project("{2150E333-8FDC-42A3-9474-1A3956D46DE8}") = "Modules", "Modules", "{EC447DCF-ABFA-6E24-52A5-D7FD48A5C558}"
EndProject
Project("{2150E333-8FDC-42A3-9474-1A3956D46DE8}") = "Users", "Users", "{A26F344D-182E-CE53-AD51-2154946AC6F3}"
EndProject
Project("{FAE04EC0-301F-11D3-BF4B-00C04F79EFBC}") = "Users", "src\Modules\Users\Users\Users.csproj", "{425FE1DC-35FC-4D6A-80C0-0DF0099D6F2E}"
EndProject
Project("{FAE04EC0-301F-11D3-BF4B-00C04F79EFBC}") = "Users.Contracts", "src\Modules\Users\Users.Contracts\Users.Contracts.csproj", "{85303D14-864A-4713-A818-B8786EC305D9}"
EndProject
Project("{FAE04EC0-301F-11D3-BF4B-00C04F79EFBC}") = "BuildingBlocks", "src\BuildingBlocks\BuildingBlocks.csproj", "{27091CEA-2C0C-46DE-9BE1-5AC5D90F1124}"
EndProject
Project("{2150E333-8FDC-42A3-9474-1A3956D46DE8}") = "WorkItems", "WorkItems", "{1BBAC1C8-99B6-CDD2-63A0-C69569EE41FF}"
EndProject
Project("{FAE04EC0-301F-11D3-BF4B-00C04F79EFBC}") = "WorkItems", "src\Modules\WorkItems\WorkItems\WorkItems.csproj", "{3750B953-2744-4496-9AC7-EBEBB97F7FD2}"
EndProject
Project("{FAE04EC0-301F-11D3-BF4B-00C04F79EFBC}") = "WorkItems.Contracts", "src\Modules\WorkItems\WorkItems.Contracts\WorkItems.Contracts.csproj", "{0840C172-2D7D-474A-B4C0-5CB60AB48FBA}"
EndProject
Project("{2150E333-8FDC-42A3-9474-1A3956D46DE8}") = "tests", "tests", "{0AB3BF05-4346-4AA6-1389-037BE0695223}"
EndProject
Project("{FAE04EC0-301F-11D3-BF4B-00C04F79EFBC}") = "Architecture.Tests", "tests\Architecture.Tests\Architecture.Tests.csproj", "{FB934203-420F-43AD-81A4-8865281F4363}"
EndProject
Project("{FAE04EC0-301F-11D3-BF4B-00C04F79EFBC}") = "Users.Tests", "tests\Users.Tests\Users.Tests.csproj", "{86DC9BF2-2952-495C-AAC5-36CC0233DF7A}"
EndProject
Project("{FAE04EC0-301F-11D3-BF4B-00C04F79EFBC}") = "Api.Tests", "tests\Api.Tests\Api.Tests.csproj", "{8170696F-8F4A-4E5F-A95F-98CD17E6DAF1}"
EndProject
Project("{FAE04EC0-301F-11D3-BF4B-00C04F79EFBC}") = "WorkItems.Tests", "tests\WorkItems.Tests\WorkItems.Tests.csproj", "{9BAD2792-7730-4B96-92A9-8EAF317F1008}"
EndProject
Project("{FAE04EC0-301F-11D3-BF4B-00C04F79EFBC}") = "BuildingBlocks.Results", "src\BuildingBlocks.Results\BuildingBlocks.Results.csproj", "{F2EDAD15-6464-45EC-A8C3-186E2AE5765B}"
EndProject
Global
	GlobalSection(SolutionConfigurationPlatforms) = preSolution
		Debug|Any CPU = Debug|Any CPU
		Debug|x64 = Debug|x64
		Debug|x86 = Debug|x86
		Release|Any CPU = Release|Any CPU
		Release|x64 = Release|x64
		Release|x86 = Release|x86
	EndGlobalSection
	GlobalSection(ProjectConfigurationPlatforms) = postSolution
		{D73B2953-9C34-43E7-9520-1B325D21193E}.Debug|Any CPU.ActiveCfg = Debug|Any CPU
		{D73B2953-9C34-43E7-9520-1B325D21193E}.Debug|Any CPU.Build.0 = Debug|Any CPU
		{D73B2953-9C34-43E7-9520-1B325D21193E}.Debug|x64.ActiveCfg = Debug|Any CPU
		{D73B2953-9C34-43E7-9520-1B325D21193E}.Debug|x64.Build.0 = Debug|Any CPU
		{D73B2953-9C34-43E7-9520-1B325D21193E}.Debug|x86.ActiveCfg = Debug|Any CPU
		{D73B2953-9C34-43E7-9520-1B325D21193E}.Debug|x86.Build.0 = Debug|Any CPU
		{D73B2953-9C34-43E7-9520-1B325D21193E}.Release|Any CPU.ActiveCfg = Release|Any CPU
		{D73B2953-9C34-43E7-9520-1B325D21193E}.Release|Any CPU.Build.0 = Release|Any CPU
		{D73B2953-9C34-43E7-9520-1B325D21193E}.Release|x64.ActiveCfg = Release|Any CPU
		{D73B2953-9C34-43E7-9520-1B325D21193E}.Release|x64.Build.0 = Release|Any CPU
		{D73B2953-9C34-43E7-9520-1B325D21193E}.Release|x86.ActiveCfg = Release|Any CPU
		{D73B2953-9C34-43E7-9520-1B325D21193E}.Release|x86.Build.0 = Release|Any CPU
		{425FE1DC-35FC-4D6A-80C0-0DF0099D6F2E}.Debug|Any CPU.ActiveCfg = Debug|Any CPU
		{425FE1DC-35FC-4D6A-80C0-0DF0099D6F2E}.Debug|Any CPU.Build.0 = Debug|Any CPU
		{425FE1DC-35FC-4D6A-80C0-0DF0099D6F2E}.Debug|x64.ActiveCfg = Debug|Any CPU
		{425FE1DC-35FC-4D6A-80C0-0DF0099D6F2E}.Debug|x64.Build.0 = Debug|Any CPU
		{425FE1DC-35FC-4D6A-80C0-0DF0099D6F2E}.Debug|x86.ActiveCfg = Debug|Any CPU
		{425FE1DC-35FC-4D6A-80C0-0DF0099D6F2E}.Debug|x86.Build.0 = Debug|Any CPU
		{425FE1DC-35FC-4D6A-80C0-0DF0099D6F2E}.Release|Any CPU.ActiveCfg = Release|Any CPU
		{425FE1DC-35FC-4D6A-80C0-0DF0099D6F2E}.Release|Any CPU.Build.0 = Release|Any CPU
		{425FE1DC-35FC-4D6A-80C0-0DF0099D6F2E}.Release|x64.ActiveCfg = Release|Any CPU
		{425FE1DC-35FC-4D6A-80C0-0DF0099D6F2E}.Release|x64.Build.0 = Release|Any CPU
		{425FE1DC-35FC-4D6A-80C0-0DF0099D6F2E}.Release|x86.ActiveCfg = Release|Any CPU
		{425FE1DC-35FC-4D6A-80C0-0DF0099D6F2E}.Release|x86.Build.0 = Release|Any CPU
		{85303D14-864A-4713-A818-B8786EC305D9}.Debug|Any CPU.ActiveCfg = Debug|Any CPU
		{85303D14-864A-4713-A818-B8786EC305D9}.Debug|Any CPU.Build.0 = Debug|Any CPU
		{85303D14-864A-4713-A818-B8786EC305D9}.Debug|x64.ActiveCfg = Debug|Any CPU
		{85303D14-864A-4713-A818-B8786EC305D9}.Debug|x64.Build.0 = Debug|Any CPU
		{85303D14-864A-4713-A818-B8786EC305D9}.Debug|x86.ActiveCfg = Debug|Any CPU
		{85303D14-864A-4713-A818-B8786EC305D9}.Debug|x86.Build.0 = Debug|Any CPU
		{85303D14-864A-4713-A818-B8786EC305D9}.Release|Any CPU.ActiveCfg = Release|Any CPU
		{85303D14-864A-4713-A818-B8786EC305D9}.Release|Any CPU.Build.0 = Release|Any CPU
		{85303D14-864A-4713-A818-B8786EC305D9}.Release|x64.ActiveCfg = Release|Any CPU
		{85303D14-864A-4713-A818-B8786EC305D9}.Release|x64.Build.0 = Release|Any CPU
		{85303D14-864A-4713-A818-B8786EC305D9}.Release|x86.ActiveCfg = Release|Any CPU
		{85303D14-864A-4713-A818-B8786EC305D9}.Release|x86.Build.0 = Release|Any CPU
		{27091CEA-2C0C-46DE-9BE1-5AC5D90F1124}.Debug|Any CPU.ActiveCfg = Debug|Any CPU
		{27091CEA-2C0C-46DE-9BE1-5AC5D90F1124}.Debug|Any CPU.Build.0 = Debug|Any CPU
		{27091CEA-2C0C-46DE-9BE1-5AC5D90F1124}.Debug|x64.ActiveCfg = Debug|Any CPU
		{27091CEA-2C0C-46DE-9BE1-5AC5D90F1124}.Debug|x64.Build.0 = Debug|Any CPU
		{27091CEA-2C0C-46DE-9BE1-5AC5D90F1124}.Debug|x86.ActiveCfg = Debug|Any CPU
		{27091CEA-2C0C-46DE-9BE1-5AC5D90F1124}.Debug|x86.Build.0 = Debug|Any CPU
		{27091CEA-2C0C-46DE-9BE1-5AC5D90F1124}.Release|Any CPU.ActiveCfg = Release|Any CPU
		{27091CEA-2C0C-46DE-9BE1-5AC5D90F1124}.Release|Any CPU.Build.0 = Release|Any CPU
		{27091CEA-2C0C-46DE-9BE1-5AC5D90F1124}.Release|x64.ActiveCfg = Release|Any CPU
		{27091CEA-2C0C-46DE-9BE1-5AC5D90F1124}.Release|x64.Build.0 = Release|Any CPU
		{27091CEA-2C0C-46DE-9BE1-5AC5D90F1124}.Release|x86.ActiveCfg = Release|Any CPU
		{27091CEA-2C0C-46DE-9BE1-5AC5D90F1124}.Release|x86.Build.0 = Release|Any CPU
		{3750B953-2744-4496-9AC7-EBEBB97F7FD2}.Debug|Any CPU.ActiveCfg = Debug|Any CPU
		{3750B953-2744-4496-9AC7-EBEBB97F7FD2}.Debug|Any CPU.Build.0 = Debug|Any CPU
		{3750B953-2744-4496-9AC7-EBEBB97F7FD2}.Debug|x64.ActiveCfg = Debug|Any CPU
		{3750B953-2744-4496-9AC7-EBEBB97F7FD2}.Debug|x64.Build.0 = Debug|Any CPU
		{3750B953-2744-4496-9AC7-EBEBB97F7FD2}.Debug|x86.ActiveCfg = Debug|Any CPU
		{3750B953-2744-4496-9AC7-EBEBB97F7FD2}.Debug|x86.Build.0 = Debug|Any CPU
		{3750B953-2744-4496-9AC7-EBEBB97F7FD2}.Release|Any CPU.ActiveCfg = Release|Any CPU
		{3750B953-2744-4496-9AC7-EBEBB97F7FD2}.Release|Any CPU.Build.0 = Release|Any CPU
		{3750B953-2744-4496-9AC7-EBEBB97F7FD2}.Release|x64.ActiveCfg = Release|Any CPU
		{3750B953-2744-4496-9AC7-EBEBB97F7FD2}.Release|x64.Build.0 = Release|Any CPU
		{3750B953-2744-4496-9AC7-EBEBB97F7FD2}.Release|x86.ActiveCfg = Release|Any CPU
		{3750B953-2744-4496-9AC7-EBEBB97F7FD2}.Release|x86.Build.0 = Release|Any CPU
		{0840C172-2D7D-474A-B4C0-5CB60AB48FBA}.Debug|Any CPU.ActiveCfg = Debug|Any CPU
		{0840C172-2D7D-474A-B4C0-5CB60AB48FBA}.Debug|Any CPU.Build.0 = Debug|Any CPU
		{0840C172-2D7D-474A-B4C0-5CB60AB48FBA}.Debug|x64.ActiveCfg = Debug|Any CPU
		{0840C172-2D7D-474A-B4C0-5CB60AB48FBA}.Debug|x64.Build.0 = Debug|Any CPU
		{0840C172-2D7D-474A-B4C0-5CB60AB48FBA}.Debug|x86.ActiveCfg = Debug|Any CPU
		{0840C172-2D7D-474A-B4C0-5CB60AB48FBA}.Debug|x86.Build.0 = Debug|Any CPU
		{0840C172-2D7D-474A-B4C0-5CB60AB48FBA}.Release|Any CPU.ActiveCfg = Release|Any CPU
		{0840C172-2D7D-474A-B4C0-5CB60AB48FBA}.Release|Any CPU.Build.0 = Release|Any CPU
		{0840C172-2D7D-474A-B4C0-5CB60AB48FBA}.Release|x64.ActiveCfg = Release|Any CPU
		{0840C172-2D7D-474A-B4C0-5CB60AB48FBA}.Release|x64.Build.0 = Release|Any CPU
		{0840C172-2D7D-474A-B4C0-5CB60AB48FBA}.Release|x86.ActiveCfg = Release|Any CPU
		{0840C172-2D7D-474A-B4C0-5CB60AB48FBA}.Release|x86.Build.0 = Release|Any CPU
		{FB934203-420F-43AD-81A4-8865281F4363}.Debug|Any CPU.ActiveCfg = Debug|Any CPU
		{FB934203-420F-43AD-81A4-8865281F4363}.Debug|Any CPU.Build.0 = Debug|Any CPU
		{FB934203-420F-43AD-81A4-8865281F4363}.Debug|x64.ActiveCfg = Debug|Any CPU
		{FB934203-420F-43AD-81A4-8865281F4363}.Debug|x64.Build.0 = Debug|Any CPU
		{FB934203-420F-43AD-81A4-8865281F4363}.Debug|x86.ActiveCfg = Debug|Any CPU
		{FB934203-420F-43AD-81A4-8865281F4363}.Debug|x86.Build.0 = Debug|Any CPU
		{FB934203-420F-43AD-81A4-8865281F4363}.Release|Any CPU.ActiveCfg = Release|Any CPU
		{FB934203-420F-43AD-81A4-8865281F4363}.Release|Any CPU.Build.0 = Release|Any CPU
		{FB934203-420F-43AD-81A4-8865281F4363}.Release|x64.ActiveCfg = Release|Any CPU
		{FB934203-420F-43AD-81A4-8865281F4363}.Release|x64.Build.0 = Release|Any CPU
		{FB934203-420F-43AD-81A4-8865281F4363}.Release|x86.ActiveCfg = Release|Any CPU
		{FB934203-420F-43AD-81A4-8865281F4363}.Release|x86.Build.0 = Release|Any CPU
		{86DC9BF2-2952-495C-AAC5-36CC0233DF7A}.Debug|Any CPU.ActiveCfg = Debug|Any CPU
		{86DC9BF2-2952-495C-AAC5-36CC0233DF7A}.Debug|Any CPU.Build.0 = Debug|Any CPU
		{86DC9BF2-2952-495C-AAC5-36CC0233DF7A}.Debug|x64.ActiveCfg = Debug|Any CPU
		{86DC9BF2-2952-495C-AAC5-36CC0233DF7A}.Debug|x64.Build.0 = Debug|Any CPU
		{86DC9BF2-2952-495C-AAC5-36CC0233DF7A}.Debug|x86.ActiveCfg = Debug|Any CPU
		{86DC9BF2-2952-495C-AAC5-36CC0233DF7A}.Debug|x86.Build.0 = Debug|Any CPU
		{86DC9BF2-2952-495C-AAC5-36CC0233DF7A}.Release|Any CPU.ActiveCfg = Release|Any CPU
		{86DC9BF2-2952-495C-AAC5-36CC0233DF7A}.Release|Any CPU.Build.0 = Release|Any CPU
		{86DC9BF2-2952-495C-AAC5-36CC0233DF7A}.Release|x64.ActiveCfg = Release|Any CPU
		{86DC9BF2-2952-495C-AAC5-36CC0233DF7A}.Release|x64.Build.0 = Release|Any CPU
		{86DC9BF2-2952-495C-AAC5-36CC0233DF7A}.Release|x86.ActiveCfg = Release|Any CPU
		{86DC9BF2-2952-495C-AAC5-36CC0233DF7A}.Release|x86.Build.0 = Release|Any CPU
		{8170696F-8F4A-4E5F-A95F-98CD17E6DAF1}.Debug|Any CPU.ActiveCfg = Debug|Any CPU
		{8170696F-8F4A-4E5F-A95F-98CD17E6DAF1}.Debug|Any CPU.Build.0 = Debug|Any CPU
		{8170696F-8F4A-4E5F-A95F-98CD17E6DAF1}.Debug|x64.ActiveCfg = Debug|Any CPU
		{8170696F-8F4A-4E5F-A95F-98CD17E6DAF1}.Debug|x64.Build.0 = Debug|Any CPU
		{8170696F-8F4A-4E5F-A95F-98CD17E6DAF1}.Debug|x86.ActiveCfg = Debug|Any CPU
		{8170696F-8F4A-4E5F-A95F-98CD17E6DAF1}.Debug|x86.Build.0 = Debug|Any CPU
		{8170696F-8F4A-4E5F-A95F-98CD17E6DAF1}.Release|Any CPU.ActiveCfg = Release|Any CPU
		{8170696F-8F4A-4E5F-A95F-98CD17E6DAF1}.Release|Any CPU.Build.0 = Release|Any CPU
		{8170696F-8F4A-4E5F-A95F-98CD17E6DAF1}.Release|x64.ActiveCfg = Release|Any CPU
		{8170696F-8F4A-4E5F-A95F-98CD17E6DAF1}.Release|x64.Build.0 = Release|Any CPU
		{8170696F-8F4A-4E5F-A95F-98CD17E6DAF1}.Release|x86.ActiveCfg = Release|Any CPU
		{8170696F-8F4A-4E5F-A95F-98CD17E6DAF1}.Release|x86.Build.0 = Release|Any CPU
		{9BAD2792-7730-4B96-92A9-8EAF317F1008}.Debug|Any CPU.ActiveCfg = Debug|Any CPU
		{9BAD2792-7730-4B96-92A9-8EAF317F1008}.Debug|Any CPU.Build.0 = Debug|Any CPU
		{9BAD2792-7730-4B96-92A9-8EAF317F1008}.Debug|x64.ActiveCfg = Debug|Any CPU
		{9BAD2792-7730-4B96-92A9-8EAF317F1008}.Debug|x64.Build.0 = Debug|Any CPU
		{9BAD2792-7730-4B96-92A9-8EAF317F1008}.Debug|x86.ActiveCfg = Debug|Any CPU
		{9BAD2792-7730-4B96-92A9-8EAF317F1008}.Debug|x86.Build.0 = Debug|Any CPU
		{9BAD2792-7730-4B96-92A9-8EAF317F1008}.Release|Any CPU.ActiveCfg = Release|Any CPU
		{9BAD2792-7730-4B96-92A9-8EAF317F1008}.Release|Any CPU.Build.0 = Release|Any CPU
		{9BAD2792-7730-4B96-92A9-8EAF317F1008}.Release|x64.ActiveCfg = Release|Any CPU
		{9BAD2792-7730-4B96-92A9-8EAF317F1008}.Release|x64.Build.0 = Release|Any CPU
		{9BAD2792-7730-4B96-92A9-8EAF317F1008}.Release|x86.ActiveCfg = Release|Any CPU
		{9BAD2792-7730-4B96-92A9-8EAF317F1008}.Release|x86.Build.0 = Release|Any CPU
		{F2EDAD15-6464-45EC-A8C3-186E2AE5765B}.Debug|Any CPU.ActiveCfg = Debug|Any CPU
		{F2EDAD15-6464-45EC-A8C3-186E2AE5765B}.Debug|Any CPU.Build.0 = Debug|Any CPU
		{F2EDAD15-6464-45EC-A8C3-186E2AE5765B}.Debug|x64.ActiveCfg = Debug|Any CPU
		{F2EDAD15-6464-45EC-A8C3-186E2AE5765B}.Debug|x64.Build.0 = Debug|Any CPU
		{F2EDAD15-6464-45EC-A8C3-186E2AE5765B}.Debug|x86.ActiveCfg = Debug|Any CPU
		{F2EDAD15-6464-45EC-A8C3-186E2AE5765B}.Debug|x86.Build.0 = Debug|Any CPU
		{F2EDAD15-6464-45EC-A8C3-186E2AE5765B}.Release|Any CPU.ActiveCfg = Release|Any CPU
		{F2EDAD15-6464-45EC-A8C3-186E2AE5765B}.Release|Any CPU.Build.0 = Release|Any CPU
		{F2EDAD15-6464-45EC-A8C3-186E2AE5765B}.Release|x64.ActiveCfg = Release|Any CPU
		{F2EDAD15-6464-45EC-A8C3-186E2AE5765B}.Release|x64.Build.0 = Release|Any CPU
		{F2EDAD15-6464-45EC-A8C3-186E2AE5765B}.Release|x86.ActiveCfg = Release|Any CPU
		{F2EDAD15-6464-45EC-A8C3-186E2AE5765B}.Release|x86.Build.0 = Release|Any CPU
	EndGlobalSection
	GlobalSection(SolutionProperties) = preSolution
		HideSolutionNode = FALSE
	EndGlobalSection
	GlobalSection(NestedProjects) = preSolution
		{D73B2953-9C34-43E7-9520-1B325D21193E} = {827E0CD3-B72D-47B6-A68D-7590B98EB39B}
		{EC447DCF-ABFA-6E24-52A5-D7FD48A5C558} = {827E0CD3-B72D-47B6-A68D-7590B98EB39B}
		{A26F344D-182E-CE53-AD51-2154946AC6F3} = {EC447DCF-ABFA-6E24-52A5-D7FD48A5C558}
		{425FE1DC-35FC-4D6A-80C0-0DF0099D6F2E} = {A26F344D-182E-CE53-AD51-2154946AC6F3}
		{85303D14-864A-4713-A818-B8786EC305D9} = {A26F344D-182E-CE53-AD51-2154946AC6F3}
		{27091CEA-2C0C-46DE-9BE1-5AC5D90F1124} = {827E0CD3-B72D-47B6-A68D-7590B98EB39B}
		{1BBAC1C8-99B6-CDD2-63A0-C69569EE41FF} = {EC447DCF-ABFA-6E24-52A5-D7FD48A5C558}
		{3750B953-2744-4496-9AC7-EBEBB97F7FD2} = {1BBAC1C8-99B6-CDD2-63A0-C69569EE41FF}
		{0840C172-2D7D-474A-B4C0-5CB60AB48FBA} = {1BBAC1C8-99B6-CDD2-63A0-C69569EE41FF}
		{FB934203-420F-43AD-81A4-8865281F4363} = {0AB3BF05-4346-4AA6-1389-037BE0695223}
		{86DC9BF2-2952-495C-AAC5-36CC0233DF7A} = {0AB3BF05-4346-4AA6-1389-037BE0695223}
		{8170696F-8F4A-4E5F-A95F-98CD17E6DAF1} = {0AB3BF05-4346-4AA6-1389-037BE0695223}
		{9BAD2792-7730-4B96-92A9-8EAF317F1008} = {0AB3BF05-4346-4AA6-1389-037BE0695223}
		{F2EDAD15-6464-45EC-A8C3-186E2AE5765B} = {827E0CD3-B72D-47B6-A68D-7590B98EB39B}
	EndGlobalSection
EndGlobal
